
Microsoft Visual Studio Solution File, Format Version 12.00
# Visual Studio Version 17
VisualStudioVersion = 17.0.31903.59
MinimumVisualStudioVersion = 10.0.40219.1
Project("{2150E333-8FDC-42A3-9474-1A3956D46DE8}") = "src", "src", "{4C80972E-0ABA-4CA2-A90F-6AD864479639}"
EndProject
Project("{FAE04EC0-301F-11D3-BF4B-00C04F79EFBC}") = "Movies.Api", "src\Movies.Api\Movies.Api.csproj", "{0B80C9D7-D83D-48F2-B1FD-18C54E70FCF9}"
EndProject
Project("{FAE04EC0-301F-11D3-BF4B-00C04F79EFBC}") = "Movies.Application", "src\Movies.Application\Movies.Application.csproj", "{04DA9518-0DFC-4E6B-B244-FDB019F93F1C}"
EndProject
Project("{FAE04EC0-301F-11D3-BF4B-00C04F79EFBC}") = "Movies.Contracts", "src\Movies.Contracts\Movies.Contracts.csproj", "{E0EC40DF-F727-4A35-93D7-2D6D40332066}"
EndProject
Global
	GlobalSection(SolutionConfigurationPlatforms) = preSolution
		Debug|Any CPU = Debug|Any CPU
		Release|Any CPU = Release|Any CPU
	EndGlobalSection
	GlobalSection(SolutionProperties) = preSolution
		HideSolutionNode = FALSE
	EndGlobalSection
	GlobalSection(ProjectConfigurationPlatforms) = postSolution
		{0B80C9D7-D83D-48F2-B1FD-18C54E70FCF9}.Debug|Any CPU.ActiveCfg = Debug|Any CPU
		{0B80C9D7-D83D-48F2-B1FD-18C54E70FCF9}.Debug|Any CPU.Build.0 = Debug|Any CPU
		{0B80C9D7-D83D-48F2-B1FD-18C54E70FCF9}.Release|Any CPU.ActiveCfg = Release|Any CPU
		{0B80C9D7-D83D-48F2-B1FD-18C54E70FCF9}.Release|Any CPU.Build.0 = Release|Any CPU
		{04DA9518-0DFC-4E6B-B244-FDB019F93F1C}.Debug|Any CPU.ActiveCfg = Debug|Any CPU
		{04DA9518-0DFC-4E6B-B244-FDB019F93F1C}.Debug|Any CPU.Build.0 = Debug|Any CPU
		{04DA9518-0DFC-4E6B-B244-FDB019F93F1C}.Release|Any CPU.ActiveCfg = Release|Any CPU
		{04DA9518-0DFC-4E6B-B244-FDB019F93F1C}.Release|Any CPU.Build.0 = Release|Any CPU
		{E0EC40DF-F727-4A35-93D7-2D6D40332066}.Debug|Any CPU.ActiveCfg = Debug|Any CPU
		{E0EC40DF-F727-4A35-93D7-2D6D40332066}.Debug|Any CPU.Build.0 = Debug|Any CPU
		{E0EC40DF-F727-4A35-93D7-2D6D40332066}.Release|Any CPU.ActiveCfg = Release|Any CPU
		{E0EC40DF-F727-4A35-93D7-2D6D40332066}.Release|Any CPU.Build.0 = Release|Any CPU
	EndGlobalSection
	GlobalSection(NestedProjects) = preSolution
		{0B80C9D7-D83D-48F2-B1FD-18C54E70FCF9} = {4C80972E-0ABA-4CA2-A90F-6AD864479639}
		{04DA9518-0DFC-4E6B-B244-FDB019F93F1C} = {4C80972E-0ABA-4CA2-A90F-6AD864479639}
		{E0EC40DF-F727-4A35-93D7-2D6D40332066} = {4C80972E-0ABA-4CA2-A90F-6AD864479639}
	EndGlobalSection
EndGlobal
